
Microsoft Visual Studio Solution File, Format Version 12.00
# Visual Studio 15
VisualStudioVersion = 15.0.27004.2009
MinimumVisualStudioVersion = 10.0.40219.1
Project("{FAE04EC0-301F-11D3-BF4B-00C04F79EFBC}") = "02.ReverseString", "ReverseString\02.ReverseString.csproj", "{D6B61021-17EE-46EA-9DE4-F8C0FB832CD5}"
EndProject
Project("{FAE04EC0-301F-11D3-BF4B-00C04F79EFBC}") = "03.CorrectBrackets", "CorrectBrackets\03.CorrectBrackets.csproj", "{BA0F4B2D-1CA1-4E25-B40E-8104372D7089}"
EndProject
Project("{FAE04EC0-301F-11D3-BF4B-00C04F79EFBC}") = "04.SubStringInString", "SubStringInString\04.SubStringInString.csproj", "{36E9F672-9728-4EEE-83EB-A235901719E0}"
EndProject
Project("{FAE04EC0-301F-11D3-BF4B-00C04F79EFBC}") = "05.ParseTags", "ParseTags\05.ParseTags.csproj", "{67F9157A-72F9-4722-B9CA-E5843E181AFF}"
EndProject
Project("{FAE04EC0-301F-11D3-BF4B-00C04F79EFBC}") = "06.StringLength", "StringLength\06.StringLength.csproj", "{CF3BC0F8-0FCF-458E-8A95-48BDCF8C84C9}"
EndProject
Project("{FAE04EC0-301F-11D3-BF4B-00C04F79EFBC}") = "07.ExtractSentences", "ExtractSentences\07.ExtractSentences.csproj", "{FA74F5E2-2923-410E-9B8F-F6CB4C808078}"
EndProject
Project("{FAE04EC0-301F-11D3-BF4B-00C04F79EFBC}") = "08.UnicodeCharacters", "UnicodeCharacters\08.UnicodeCharacters.csproj", "{7C750934-35E1-4108-9129-F8D14E15F297}"
EndProject
Project("{FAE04EC0-301F-11D3-BF4B-00C04F79EFBC}") = "10.ParseUrl", "ParseUrl\10.ParseUrl.csproj", "{605B95AE-336E-473C-95EF-4806385A711B}"
EndProject
Global
	GlobalSection(SolutionConfigurationPlatforms) = preSolution
		Debug|Any CPU = Debug|Any CPU
		Release|Any CPU = Release|Any CPU
	EndGlobalSection
	GlobalSection(ProjectConfigurationPlatforms) = postSolution
		{D6B61021-17EE-46EA-9DE4-F8C0FB832CD5}.Debug|Any CPU.ActiveCfg = Debug|Any CPU
		{D6B61021-17EE-46EA-9DE4-F8C0FB832CD5}.Debug|Any CPU.Build.0 = Debug|Any CPU
		{D6B61021-17EE-46EA-9DE4-F8C0FB832CD5}.Release|Any CPU.ActiveCfg = Release|Any CPU
		{D6B61021-17EE-46EA-9DE4-F8C0FB832CD5}.Release|Any CPU.Build.0 = Release|Any CPU
		{BA0F4B2D-1CA1-4E25-B40E-8104372D7089}.Debug|Any CPU.ActiveCfg = Debug|Any CPU
		{BA0F4B2D-1CA1-4E25-B40E-8104372D7089}.Debug|Any CPU.Build.0 = Debug|Any CPU
		{BA0F4B2D-1CA1-4E25-B40E-8104372D7089}.Release|Any CPU.ActiveCfg = Release|Any CPU
		{BA0F4B2D-1CA1-4E25-B40E-8104372D7089}.Release|Any CPU.Build.0 = Release|Any CPU
		{36E9F672-9728-4EEE-83EB-A235901719E0}.Debug|Any CPU.ActiveCfg = Debug|Any CPU
		{36E9F672-9728-4EEE-83EB-A235901719E0}.Debug|Any CPU.Build.0 = Debug|Any CPU
		{36E9F672-9728-4EEE-83EB-A235901719E0}.Release|Any CPU.ActiveCfg = Release|Any CPU
		{36E9F672-9728-4EEE-83EB-A235901719E0}.Release|Any CPU.Build.0 = Release|Any CPU
		{67F9157A-72F9-4722-B9CA-E5843E181AFF}.Debug|Any CPU.ActiveCfg = Debug|Any CPU
		{67F9157A-72F9-4722-B9CA-E5843E181AFF}.Debug|Any CPU.Build.0 = Debug|Any CPU
		{67F9157A-72F9-4722-B9CA-E5843E181AFF}.Release|Any CPU.ActiveCfg = Release|Any CPU
		{67F9157A-72F9-4722-B9CA-E5843E181AFF}.Release|Any CPU.Build.0 = Release|Any CPU
		{CF3BC0F8-0FCF-458E-8A95-48BDCF8C84C9}.Debug|Any CPU.ActiveCfg = Debug|Any CPU
		{CF3BC0F8-0FCF-458E-8A95-48BDCF8C84C9}.Debug|Any CPU.Build.0 = Debug|Any CPU
		{CF3BC0F8-0FCF-458E-8A95-48BDCF8C84C9}.Release|Any CPU.ActiveCfg = Release|Any CPU
		{CF3BC0F8-0FCF-458E-8A95-48BDCF8C84C9}.Release|Any CPU.Build.0 = Release|Any CPU
		{FA74F5E2-2923-410E-9B8F-F6CB4C808078}.Debug|Any CPU.ActiveCfg = Debug|Any CPU
		{FA74F5E2-2923-410E-9B8F-F6CB4C808078}.Debug|Any CPU.Build.0 = Debug|Any CPU
		{FA74F5E2-2923-410E-9B8F-F6CB4C808078}.Release|Any CPU.ActiveCfg = Release|Any CPU
		{FA74F5E2-2923-410E-9B8F-F6CB4C808078}.Release|Any CPU.Build.0 = Release|Any CPU
		{7C750934-35E1-4108-9129-F8D14E15F297}.Debug|Any CPU.ActiveCfg = Debug|Any CPU
		{7C750934-35E1-4108-9129-F8D14E15F297}.Debug|Any CPU.Build.0 = Debug|Any CPU
		{7C750934-35E1-4108-9129-F8D14E15F297}.Release|Any CPU.ActiveCfg = Release|Any CPU
		{7C750934-35E1-4108-9129-F8D14E15F297}.Release|Any CPU.Build.0 = Release|Any CPU
		{605B95AE-336E-473C-95EF-4806385A711B}.Debug|Any CPU.ActiveCfg = Debug|Any CPU
		{605B95AE-336E-473C-95EF-4806385A711B}.Debug|Any CPU.Build.0 = Debug|Any CPU
		{605B95AE-336E-473C-95EF-4806385A711B}.Release|Any CPU.ActiveCfg = Release|Any CPU
		{605B95AE-336E-473C-95EF-4806385A711B}.Release|Any CPU.Build.0 = Release|Any CPU
	EndGlobalSection
	GlobalSection(SolutionProperties) = preSolution
		HideSolutionNode = FALSE
	EndGlobalSection
	GlobalSection(ExtensibilityGlobals) = postSolution
		SolutionGuid = {A0709EB1-D3F5-4F4F-90BB-4650E32E3033}
	EndGlobalSection
EndGlobal
